
Microsoft Visual Studio Solution File, Format Version 12.00
# Visual Studio Version 17
VisualStudioVersion = 17.6.33829.357
MinimumVisualStudioVersion = 10.0.40219.1
Project("{FAE04EC0-301F-11D3-BF4B-00C04F79EFBC}") = "LessonsFinder", "LessonsFinder\LessonsFinder.csproj", "{BCE7568B-B259-413B-9F17-458E171BC616}"
EndProject
Global
	GlobalSection(SolutionConfigurationPlatforms) = preSolution
		Debug|Any CPU = Debug|Any CPU
		Release|Any CPU = Release|Any CPU
	EndGlobalSection
	GlobalSection(ProjectConfigurationPlatforms) = postSolution
		{BCE7568B-B259-413B-9F17-458E171BC616}.Debug|Any CPU.ActiveCfg = Debug|Any CPU
		{BCE7568B-B259-413B-9F17-458E171BC616}.Debug|Any CPU.Build.0 = Debug|Any CPU
		{BCE7568B-B259-413B-9F17-458E171BC616}.Release|Any CPU.ActiveCfg = Release|Any CPU
		{BCE7568B-B259-413B-9F17-458E171BC616}.Release|Any CPU.Build.0 = Release|Any CPU
	EndGlobalSection
	GlobalSection(SolutionProperties) = preSolution
		HideSolutionNode = FALSE
	EndGlobalSection
	GlobalSection(ExtensibilityGlobals) = postSolution
		SolutionGuid = {5705A817-BFCA-4A09-9A51-4486D9717B19}
	EndGlobalSection
EndGlobal
